
Microsoft Visual Studio Solution File, Format Version 12.00
# Visual Studio 14
VisualStudioVersion = 14.0.25420.1
MinimumVisualStudioVersion = 10.0.40219.1
Project("{FAE04EC0-301F-11D3-BF4B-00C04F79EFBC}") = "MySqlDumpAnalyzer.CLI", "MySqlDumpAnalyzer.CLI\MySqlDumpAnalyzer.CLI.csproj", "{2A417AB6-64F8-49F8-9E25-87D679A9F230}"
EndProject
Project("{FAE04EC0-301F-11D3-BF4B-00C04F79EFBC}") = "MySqlDumpAnalyzer.Shared", "MySqlDumpAnalyzer.Shared\MySqlDumpAnalyzer.Shared.csproj", "{433F03B3-DF0B-416E-82B1-971BDB9F4FE9}"
EndProject
Project("{FAE04EC0-301F-11D3-BF4B-00C04F79EFBC}") = "MySqlDumpAnalyzer.GUI", "MySqlDumpAnalyzer.GUI\MySqlDumpAnalyzer.GUI.csproj", "{D40C96D2-5527-49D4-8210-7D31FF740FB0}"
EndProject
Project("{FAE04EC0-301F-11D3-BF4B-00C04F79EFBC}") = "MySqlDumpAnalyzer.Tests", "MySqlDumpAnalyzer.Tests\MySqlDumpAnalyzer.Tests.csproj", "{067456C0-086C-46A8-B37F-1405717B7BFC}"
EndProject
Global
	GlobalSection(SolutionConfigurationPlatforms) = preSolution
		Debug|Any CPU = Debug|Any CPU
		Debug|x64 = Debug|x64
		Release|Any CPU = Release|Any CPU
		Release|x64 = Release|x64
	EndGlobalSection
	GlobalSection(ProjectConfigurationPlatforms) = postSolution
		{2A417AB6-64F8-49F8-9E25-87D679A9F230}.Debug|Any CPU.ActiveCfg = Debug|Any CPU
		{2A417AB6-64F8-49F8-9E25-87D679A9F230}.Debug|Any CPU.Build.0 = Debug|Any CPU
		{2A417AB6-64F8-49F8-9E25-87D679A9F230}.Debug|x64.ActiveCfg = Debug|Any CPU
		{2A417AB6-64F8-49F8-9E25-87D679A9F230}.Debug|x64.Build.0 = Debug|Any CPU
		{2A417AB6-64F8-49F8-9E25-87D679A9F230}.Release|Any CPU.ActiveCfg = Release|Any CPU
		{2A417AB6-64F8-49F8-9E25-87D679A9F230}.Release|Any CPU.Build.0 = Release|Any CPU
		{2A417AB6-64F8-49F8-9E25-87D679A9F230}.Release|x64.ActiveCfg = Release|Any CPU
		{2A417AB6-64F8-49F8-9E25-87D679A9F230}.Release|x64.Build.0 = Release|Any CPU
		{433F03B3-DF0B-416E-82B1-971BDB9F4FE9}.Debug|Any CPU.ActiveCfg = Debug|Any CPU
		{433F03B3-DF0B-416E-82B1-971BDB9F4FE9}.Debug|Any CPU.Build.0 = Debug|Any CPU
		{433F03B3-DF0B-416E-82B1-971BDB9F4FE9}.Debug|x64.ActiveCfg = Debug|Any CPU
		{433F03B3-DF0B-416E-82B1-971BDB9F4FE9}.Debug|x64.Build.0 = Debug|Any CPU
		{433F03B3-DF0B-416E-82B1-971BDB9F4FE9}.Release|Any CPU.ActiveCfg = Release|Any CPU
		{433F03B3-DF0B-416E-82B1-971BDB9F4FE9}.Release|Any CPU.Build.0 = Release|Any CPU
		{433F03B3-DF0B-416E-82B1-971BDB9F4FE9}.Release|x64.ActiveCfg = Release|Any CPU
		{433F03B3-DF0B-416E-82B1-971BDB9F4FE9}.Release|x64.Build.0 = Release|Any CPU
		{D40C96D2-5527-49D4-8210-7D31FF740FB0}.Debug|Any CPU.ActiveCfg = Debug|Any CPU
		{D40C96D2-5527-49D4-8210-7D31FF740FB0}.Debug|Any CPU.Build.0 = Debug|Any CPU
		{D40C96D2-5527-49D4-8210-7D31FF740FB0}.Debug|x64.ActiveCfg = Debug|Any CPU
		{D40C96D2-5527-49D4-8210-7D31FF740FB0}.Debug|x64.Build.0 = Debug|Any CPU
		{D40C96D2-5527-49D4-8210-7D31FF740FB0}.Release|Any CPU.ActiveCfg = Release|Any CPU
		{D40C96D2-5527-49D4-8210-7D31FF740FB0}.Release|Any CPU.Build.0 = Release|Any CPU
		{D40C96D2-5527-49D4-8210-7D31FF740FB0}.Release|x64.ActiveCfg = Release|Any CPU
		{D40C96D2-5527-49D4-8210-7D31FF740FB0}.Release|x64.Build.0 = Release|Any CPU
		{067456C0-086C-46A8-B37F-1405717B7BFC}.Debug|Any CPU.ActiveCfg = Debug|Any CPU
		{067456C0-086C-46A8-B37F-1405717B7BFC}.Debug|Any CPU.Build.0 = Debug|Any CPU
		{067456C0-086C-46A8-B37F-1405717B7BFC}.Debug|x64.ActiveCfg = Debug|Any CPU
		{067456C0-086C-46A8-B37F-1405717B7BFC}.Debug|x64.Build.0 = Debug|Any CPU
		{067456C0-086C-46A8-B37F-1405717B7BFC}.Release|Any CPU.ActiveCfg = Release|Any CPU
		{067456C0-086C-46A8-B37F-1405717B7BFC}.Release|Any CPU.Build.0 = Release|Any CPU
		{067456C0-086C-46A8-B37F-1405717B7BFC}.Release|x64.ActiveCfg = Release|Any CPU
		{067456C0-086C-46A8-B37F-1405717B7BFC}.Release|x64.Build.0 = Release|Any CPU
	EndGlobalSection
	GlobalSection(SolutionProperties) = preSolution
		HideSolutionNode = FALSE
	EndGlobalSection
EndGlobal
